// !$*UTF8*$!
{
	archiveVersion = 1;
	classes = {
	};
	objectVersion = 46;
	objects = {

/* Begin PBXBuildFile section */
		C9CA15151DB6915B000AEC07 /* AppDelegate.swift in Sources */ = {isa = PBXBuildFile; fileRef = C9CA15141DB6915B000AEC07 /* AppDelegate.swift */; };
		C9CA15171DB6915B000AEC07 /* ViewController.swift in Sources */ = {isa = PBXBuildFile; fileRef = C9CA15161DB6915B000AEC07 /* ViewController.swift */; };
		C9CA151A1DB6915B000AEC07 /* Main.storyboard in Resources */ = {isa = PBXBuildFile; fileRef = C9CA15181DB6915B000AEC07 /* Main.storyboard */; };
		C9CA151C1DB6915C000AEC07 /* Assets.xcassets in Resources */ = {isa = PBXBuildFile; fileRef = C9CA151B1DB6915C000AEC07 /* Assets.xcassets */; };
		C9CA151F1DB6915C000AEC07 /* LaunchScreen.storyboard in Resources */ = {isa = PBXBuildFile; fileRef = C9CA151D1DB6915C000AEC07 /* LaunchScreen.storyboard */; };
/* End PBXBuildFile section */

/* Begin PBXFileReference section */
		C9CA15111DB6915B000AEC07 /* War2.0.app */ = {isa = PBXFileReference; explicitFileType = wrapper.application; includeInIndex = 0; path = War2.0.app; sourceTree = BUILT_PRODUCTS_DIR; };
		C9CA15141DB6915B000AEC07 /* AppDelegate.swift */ = {isa = PBXFileReference; lastKnownFileType = sourcecode.swift; path = AppDelegate.swift; sourceTree = "<group>"; };
		C9CA15161DB6915B000AEC07 /* ViewController.swift */ = {isa = PBXFileReference; lastKnownFileType = sourcecode.swift; path = ViewController.swift; sourceTree = "<group>"; };
		C9CA15191DB6915B000AEC07 /* Base */ = {isa = PBXFileReference; lastKnownFileType = file.storyboard; name = Base; path = Base.lproj/Main.storyboard; sourceTree = "<group>"; };
		C9CA151B1DB6915C000AEC07 /* Assets.xcassets */ = {isa = PBXFileReference; lastKnownFileType = folder.assetcatalog; path = Assets.xcassets; sourceTree = "<group>"; };
		C9CA151E1DB6915C000AEC07 /* Base */ = {isa = PBXFileReference; lastKnownFileType = file.storyboard; name = Base; path = Base.lproj/LaunchScreen.storyboard; sourceTree = "<group>"; };
		C9CA15201DB6915C000AEC07 /* Info.plist */ = {isa = PBXFileReference; lastKnownFileType = text.plist.xml; path = Info.plist; sourceTree = "<group>"; };
/* End PBXFileReference section */

/* Begin PBXFrameworksBuildPhase section */
		C9CA150E1DB6915B000AEC07 /* Frameworks */ = {
			isa = PBXFrameworksBuildPhase;
			buildActionMask = 2147483647;
			files = (
			);
			runOnlyForDeploymentPostprocessing = 0;
		};
/* End PBXFrameworksBuildPhase section */

/* Begin PBXGroup section */
		C9CA15081DB6915B000AEC07 = {
			isa = PBXGroup;
			children = (
				C9CA15131DB6915B000AEC07 /* War2.0 */,
				C9CA15121DB6915B000AEC07 /* Products */,
			);
			sourceTree = "<group>";
		};
		C9CA15121DB6915B000AEC07 /* Products */ = {
			isa = PBXGroup;
			children = (
				C9CA15111DB6915B000AEC07 /* War2.0.app */,
			);
			name = Products;
			sourceTree = "<group>";
		};
		C9CA15131DB6915B000AEC07 /* War2.0 */ = {
			isa = PBXGroup;
			children = (
				C9CA15141DB6915B000AEC07 /* AppDelegate.swift */,
				C9CA15161DB6915B000AEC07 /* ViewController.swift */,
				C9CA15181DB6915B000AEC07 /* Main.storyboard */,
				C9CA151B1DB6915C000AEC07 /* Assets.xcassets */,
				C9CA151D1DB6915C000AEC07 /* LaunchScreen.storyboard */,
				C9CA15201DB6915C000AEC07 /* Info.plist */,
			);
			path = War2.0;
			sourceTree = "<group>";
		};
/* End PBXGroup section */

/* Begin PBXNativeTarget section */
		C9CA15101DB6915B000AEC07 /* War2.0 */ = {
			isa = PBXNativeTarget;
			buildConfigurationList = C9CA15231DB6915C000AEC07 /* Build configuration list for PBXNativeTarget "War2.0" */;
			buildPhases = (
				C9CA150D1DB6915B000AEC07 /* Sources */,
				C9CA150E1DB6915B000AEC07 /* Frameworks */,
				C9CA150F1DB6915B000AEC07 /* Resources */,
			);
			buildRules = (
			);
			dependencies = (
			);
			name = War2.0;
			productName = War2.0;
			productReference = C9CA15111DB6915B000AEC07 /* War2.0.app */;
			productType = "com.apple.product-type.application";
		};
/* End PBXNativeTarget section */

/* Begin PBXProject section */
		C9CA15091DB6915B000AEC07 /* Project object */ = {
			isa = PBXProject;
			attributes = {
				LastSwiftUpdateCheck = 0800;
				LastUpgradeCheck = 0800;
				ORGANIZATIONNAME = "Ken Ortego";
				TargetAttributes = {
					C9CA15101DB6915B000AEC07 = {
						CreatedOnToolsVersion = 8.0;
						ProvisioningStyle = Automatic;
					};
				};
			};
			buildConfigurationList = C9CA150C1DB6915B000AEC07 /* Build configuration list for PBXProject "War2.0" */;
			compatibilityVersion = "Xcode 3.2";
			developmentRegion = English;
			hasScannedForEncodings = 0;
			knownRegions = (
				en,
				Base,
			);
			mainGroup = C9CA15081DB6915B000AEC07;
			productRefGroup = C9CA15121DB6915B000AEC07 /* Products */;
			projectDirPath = "";
			projectRoot = "";
			targets = (
				C9CA15101DB6915B000AEC07 /* War2.0 */,
			);
		};
/* End PBXProject section */

/* Begin PBXResourcesBuildPhase section */
		C9CA150F1DB6915B000AEC07 /* Resources */ = {
			isa = PBXResourcesBuildPhase;
			buildActionMask = 2147483647;
			files = (
				C9CA151F1DB6915C000AEC07 /* LaunchScreen.storyboard in Resources */,
				C9CA151C1DB6915C000AEC07 /* Assets.xcassets in Resources */,
				C9CA151A1DB6915B000AEC07 /* Main.storyboard in Resources */,
			);
			runOnlyForDeploymentPostprocessing = 0;
		};
/* End PBXResourcesBuildPhase section */

/* Begin PBXSourcesBuildPhase section */
		C9CA150D1DB6915B000AEC07 /* Sources */ = {
			isa = PBXSourcesBuildPhase;
			buildActionMask = 2147483647;
			files = (
				C9CA15171DB6915B000AEC07 /* ViewController.swift in Sources */,
				C9CA15151DB6915B000AEC07 /* AppDelegate.swift in Sources */,
			);
			runOnlyForDeploymentPostprocessing = 0;
		};
/* End PBXSourcesBuildPhase section */

/* Begin PBXVariantGroup section */
		C9CA15181DB6915B000AEC07 /* Main.storyboard */ = {
			isa = PBXVariantGroup;
			children = (
				C9CA15191DB6915B000AEC07 /* Base */,
			);
			name = Main.storyboard;
			sourceTree = "<group>";
		};
		C9CA151D1DB6915C000AEC07 /* LaunchScreen.storyboard */ = {
			isa = PBXVariantGroup;
			children = (
				C9CA151E1DB6915C000AEC07 /* Base */,
			);
			name = LaunchScreen.storyboard;
			sourceTree = "<group>";
		};
/* End PBXVariantGroup section */

/* Begin XCBuildConfiguration section */
		C9CA15211DB6915C000AEC07 /* Debug */ = {
			isa = XCBuildConfiguration;
			buildSettings = {
				ALWAYS_SEARCH_USER_PATHS = NO;
				CLANG_ANALYZER_NONNULL = YES;
				CLANG_CXX_LANGUAGE_STANDARD = "gnu++0x";
				CLANG_CXX_LIBRARY = "libc++";
				CLANG_ENABLE_MODULES = YES;
				CLANG_ENABLE_OBJC_ARC = YES;
				CLANG_WARN_BOOL_CONVERSION = YES;
				CLANG_WARN_CONSTANT_CONVERSION = YES;
				CLANG_WARN_DIRECT_OBJC_ISA_USAGE = YES_ERROR;
				CLANG_WARN_DOCUMENTATION_COMMENTS = YES;
				CLANG_WARN_EMPTY_BODY = YES;
				CLANG_WARN_ENUM_CONVERSION = YES;
				CLANG_WARN_INFINITE_RECURSION = YES;
				CLANG_WARN_INT_CONVERSION = YES;
				CLANG_WARN_OBJC_ROOT_CLASS = YES_ERROR;
				CLANG_WARN_SUSPICIOUS_MOVES = YES;
				CLANG_WARN_UNREACHABLE_CODE = YES;
				CLANG_WARN__DUPLICATE_METHOD_MATCH = YES;
				"CODE_SIGN_IDENTITY[sdk=iphoneos*]" = "iPhone Developer";
				COPY_PHASE_STRIP = NO;
				DEBUG_INFORMATION_FORMAT = dwarf;
				ENABLE_STRICT_OBJC_MSGSEND = YES;
				ENABLE_TESTABILITY = YES;
				GCC_C_LANGUAGE_STANDARD = gnu99;
				GCC_DYNAMIC_NO_PIC = NO;
				GCC_NO_COMMON_BLOCKS = YES;
				GCC_OPTIMIZATION_LEVEL = 0;
				GCC_PREPROCESSOR_DEFINITIONS = (
					"DEBUG=1",
					"$(inherited)",
				);
				GCC_WARN_64_TO_32_BIT_CONVERSION = YES;
				GCC_WARN_ABOUT_RETURN_TYPE = YES_ERROR;
				GCC_WARN_UNDECLARED_SELECTOR = YES;
				GCC_WARN_UNINITIALIZED_AUTOS = YES_AGGRESSIVE;
				GCC_WARN_UNUSED_FUNCTION = YES;
				GCC_WARN_UNUSED_VARIABLE = YES;
				IPHONEOS_DEPLOYMENT_TARGET = 10.0;
				MTL_ENABLE_DEBUG_INFO = YES;
				ONLY_ACTIVE_ARCH = YES;
				SDKROOT = iphoneos;
				SWIFT_ACTIVE_COMPILATION_CONDITIONS = DEBUG;
				SWIFT_OPTIMIZATION_LEVEL = "-Onone";
				TARGETED_DEVICE_FAMILY = "1,2";
			};
			name = Debug;
		};
		C9CA15221DB6915C000AEC07 /* Release */ = {
			isa = XCBuildConfiguration;
			buildSettings = {
				ALWAYS_SEARCH_USER_PATHS = NO;
				CLANG_ANALYZER_NONNULL = YES;
				CLANG_CXX_LANGUAGE_STANDARD = "gnu++0x";
				CLANG_CXX_LIBRARY = "libc++";
				CLANG_ENABLE_MODULES = YES;
				CLANG_ENABLE_OBJC_ARC = YES;
				CLANG_WARN_BOOL_CONVERSION = YES;
				CLANG_WARN_CONSTANT_CONVERSION = YES;
				CLANG_WARN_DIRECT_OBJC_ISA_USAGE = YES_ERROR;
				CLANG_WARN_DOCUMENTATION_COMMENTS = YES;
				CLANG_WARN_EMPTY_BODY = YES;
				CLANG_WARN_ENUM_CONVERSION = YES;
				CLANG_WARN_INFINITE_RECURSION = YES;
				CLANG_WARN_INT_CONVERSION = YES;
				CLANG_WARN_OBJC_ROOT_CLASS = YES_ERROR;
				CLANG_WARN_SUSPICIOUS_MOVES = YES;
				CLANG_WARN_UNREACHABLE_CODE = YES;
				CLANG_WARN__DUPLICATE_METHOD_MATCH = YES;
				"CODE_SIGN_IDENTITY[sdk=iphoneos*]" = "iPhone Developer";
				COPY_PHASE_STRIP = NO;
				DEBUG_INFORMATION_FORMAT = "dwarf-with-dsym";
				ENABLE_NS_ASSERTIONS = NO;
				ENABLE_STRICT_OBJC_MSGSEND = YES;
				GCC_C_LANGUAGE_STANDARD = gnu99;
				GCC_NO_COMMON_BLOCKS = YES;
				GCC_WARN_64_TO_32_BIT_CONVERSION = YES;
				GCC_WARN_ABOUT_RETURN_TYPE = YES_ERROR;
				GCC_WARN_UNDECLARED_SELECTOR = YES;
				GCC_WARN_UNINITIALIZED_AUTOS = YES_AGGRESSIVE;
				GCC_WARN_UNUSED_FUNCTION = YES;
				GCC_WARN_UNUSED_VARIABLE = YES;
				IPHONEOS_DEPLOYMENT_TARGET = 10.0;
				MTL_ENABLE_DEBUG_INFO = NO;
				SDKROOT = iphoneos;
				SWIFT_OPTIMIZATION_LEVEL = "-Owholemodule";
				TARGETED_DEVICE_FAMILY = "1,2";
				VALIDATE_PRODUCT = YES;
			};
			name = Release;
		};
		C9CA15241DB6915C000AEC07 /* Debug */ = {
			isa = XCBuildConfiguration;
			buildSettings = {
				ASSETCATALOG_COMPILER_APPICON_NAME = AppIcon;
				INFOPLIST_FILE = War2.0/Info.plist;
				LD_RUNPATH_SEARCH_PATHS = "$(inherited) @executable_path/Frameworks";
				PRODUCT_BUNDLE_IDENTIFIER = "KiloOscar.War2-0";
				PRODUCT_NAME = "$(TARGET_NAME)";
				SWIFT_VERSION = 3.0;
			};
			name = Debug;
		};
		C9CA15251DB6915C000AEC07 /* Release */ = {
			isa = XCBuildConfiguration;
			buildSettings = {
				ASSETCATALOG_COMPILER_APPICON_NAME = AppIcon;
				INFOPLIST_FILE = War2.0/Info.plist;
				LD_RUNPATH_SEARCH_PATHS = "$(inherited) @executable_path/Frameworks";
				PRODUCT_BUNDLE_IDENTIFIER = "KiloOscar.War2-0";
				PRODUCT_NAME = "$(TARGET_NAME)";
				SWIFT_VERSION = 3.0;
			};
			name = Release;
		};
/* End XCBuildConfiguration section */

/* Begin XCConfigurationList section */
		C9CA150C1DB6915B000AEC07 /* Build configuration list for PBXProject "War2.0" */ = {
			isa = XCConfigurationList;
			buildConfigurations = (
				C9CA15211DB6915C000AEC07 /* Debug */,
				C9CA15221DB6915C000AEC07 /* Release */,
			);
			defaultConfigurationIsVisible = 0;
			defaultConfigurationName = Release;
		};
		C9CA15231DB6915C000AEC07 /* Build configuration list for PBXNativeTarget "War2.0" */ = {
			isa = XCConfigurationList;
			buildConfigurations = (
				C9CA15241DB6915C000AEC07 /* Debug */,
				C9CA15251DB6915C000AEC07 /* Release */,
			);
			defaultConfigurationIsVisible = 0;
			defaultConfigurationName = Release;
		};
/* End XCConfigurationList section */
	};
	rootObject = C9CA15091DB6915B000AEC07 /* Project object */;
}
